// !$*UTF8*$!
{
	archiveVersion = 1;
	classes = {
	};
	objectVersion = 50;
	objects = {

/* Begin PBXBuildFile section */
		399326DB244CDA4500AC262C /* AppDelegate.swift in Sources */ = {isa = PBXBuildFile; fileRef = 399326DA244CDA4500AC262C /* AppDelegate.swift */; };
		399326DD244CDA4500AC262C /* SceneDelegate.swift in Sources */ = {isa = PBXBuildFile; fileRef = 399326DC244CDA4500AC262C /* SceneDelegate.swift */; };
		399326DF244CDA4500AC262C /* ConcentrationViewController.swift in Sources */ = {isa = PBXBuildFile; fileRef = 399326DE244CDA4500AC262C /* ConcentrationViewController.swift */; };
		399326E2244CDA4500AC262C /* Main.storyboard in Resources */ = {isa = PBXBuildFile; fileRef = 399326E0244CDA4500AC262C /* Main.storyboard */; };
		399326E4244CDA4800AC262C /* Assets.xcassets in Resources */ = {isa = PBXBuildFile; fileRef = 399326E3244CDA4800AC262C /* Assets.xcassets */; };
		399326E7244CDA4800AC262C /* LaunchScreen.storyboard in Resources */ = {isa = PBXBuildFile; fileRef = 399326E5244CDA4800AC262C /* LaunchScreen.storyboard */; };
		399326F1244CDE6800AC262C /* Card.swift in Sources */ = {isa = PBXBuildFile; fileRef = 399326F0244CDE6800AC262C /* Card.swift */; };
		399326F3244CE03800AC262C /* Concentration.swift in Sources */ = {isa = PBXBuildFile; fileRef = 399326F2244CE03800AC262C /* Concentration.swift */; };
		399326F52454767800AC262C /* GameColors.swift in Sources */ = {isa = PBXBuildFile; fileRef = 399326F42454767800AC262C /* GameColors.swift */; };
		399326F724547AAE00AC262C /* GameThemes.swift in Sources */ = {isa = PBXBuildFile; fileRef = 399326F624547AAE00AC262C /* GameThemes.swift */; };
/* End PBXBuildFile section */

/* Begin PBXFileReference section */
		399326D7244CDA4500AC262C /* ConcentrationA1.app */ = {isa = PBXFileReference; explicitFileType = wrapper.application; includeInIndex = 0; path = ConcentrationA1.app; sourceTree = BUILT_PRODUCTS_DIR; };
		399326DA244CDA4500AC262C /* AppDelegate.swift */ = {isa = PBXFileReference; lastKnownFileType = sourcecode.swift; path = AppDelegate.swift; sourceTree = "<group>"; };
		399326DC244CDA4500AC262C /* SceneDelegate.swift */ = {isa = PBXFileReference; lastKnownFileType = sourcecode.swift; path = SceneDelegate.swift; sourceTree = "<group>"; };
		399326DE244CDA4500AC262C /* ConcentrationViewController.swift */ = {isa = PBXFileReference; lastKnownFileType = sourcecode.swift; path = ConcentrationViewController.swift; sourceTree = "<group>"; };
		399326E1244CDA4500AC262C /* Base */ = {isa = PBXFileReference; lastKnownFileType = file.storyboard; name = Base; path = Base.lproj/Main.storyboard; sourceTree = "<group>"; };
		399326E3244CDA4800AC262C /* Assets.xcassets */ = {isa = PBXFileReference; lastKnownFileType = folder.assetcatalog; path = Assets.xcassets; sourceTree = "<group>"; };
		399326E6244CDA4800AC262C /* Base */ = {isa = PBXFileReference; lastKnownFileType = file.storyboard; name = Base; path = Base.lproj/LaunchScreen.storyboard; sourceTree = "<group>"; };
		399326E8244CDA4800AC262C /* Info.plist */ = {isa = PBXFileReference; lastKnownFileType = text.plist.xml; path = Info.plist; sourceTree = "<group>"; };
		399326F0244CDE6800AC262C /* Card.swift */ = {isa = PBXFileReference; lastKnownFileType = sourcecode.swift; path = Card.swift; sourceTree = "<group>"; };
		399326F2244CE03800AC262C /* Concentration.swift */ = {isa = PBXFileReference; lastKnownFileType = sourcecode.swift; path = Concentration.swift; sourceTree = "<group>"; };
		399326F42454767800AC262C /* GameColors.swift */ = {isa = PBXFileReference; lastKnownFileType = sourcecode.swift; path = GameColors.swift; sourceTree = "<group>"; };
		399326F624547AAE00AC262C /* GameThemes.swift */ = {isa = PBXFileReference; lastKnownFileType = sourcecode.swift; path = GameThemes.swift; sourceTree = "<group>"; };
/* End PBXFileReference section */

/* Begin PBXFrameworksBuildPhase section */
		399326D4244CDA4500AC262C /* Frameworks */ = {
			isa = PBXFrameworksBuildPhase;
			buildActionMask = 2147483647;
			files = (
			);
			runOnlyForDeploymentPostprocessing = 0;
		};
/* End PBXFrameworksBuildPhase section */

/* Begin PBXGroup section */
		399326CE244CDA4500AC262C = {
			isa = PBXGroup;
			children = (
				399326D9244CDA4500AC262C /* ConcentrationA1 */,
				399326D8244CDA4500AC262C /* Products */,
			);
			sourceTree = "<group>";
		};
		399326D8244CDA4500AC262C /* Products */ = {
			isa = PBXGroup;
			children = (
				399326D7244CDA4500AC262C /* ConcentrationA1.app */,
			);
			name = Products;
			sourceTree = "<group>";
		};
		399326D9244CDA4500AC262C /* ConcentrationA1 */ = {
			isa = PBXGroup;
			children = (
				399326EF244CDE5300AC262C /* Models */,
				399326EE244CDCAE00AC262C /* Supporting Files */,
				399326DE244CDA4500AC262C /* ConcentrationViewController.swift */,
				399326E0244CDA4500AC262C /* Main.storyboard */,
				399326E8244CDA4800AC262C /* Info.plist */,
				399326F42454767800AC262C /* GameColors.swift */,
				399326F624547AAE00AC262C /* GameThemes.swift */,
			);
			path = ConcentrationA1;
			sourceTree = "<group>";
		};
		399326EE244CDCAE00AC262C /* Supporting Files */ = {
			isa = PBXGroup;
			children = (
				399326E5244CDA4800AC262C /* LaunchScreen.storyboard */,
				399326E3244CDA4800AC262C /* Assets.xcassets */,
				399326DA244CDA4500AC262C /* AppDelegate.swift */,
				399326DC244CDA4500AC262C /* SceneDelegate.swift */,
			);
			path = "Supporting Files";
			sourceTree = "<group>";
		};
		399326EF244CDE5300AC262C /* Models */ = {
			isa = PBXGroup;
			children = (
				399326F0244CDE6800AC262C /* Card.swift */,
				399326F2244CE03800AC262C /* Concentration.swift */,
			);
			path = Models;
			sourceTree = "<group>";
		};
/* End PBXGroup section */

/* Begin PBXNativeTarget section */
		399326D6244CDA4500AC262C /* ConcentrationA1 */ = {
			isa = PBXNativeTarget;
			buildConfigurationList = 399326EB244CDA4800AC262C /* Build configuration list for PBXNativeTarget "ConcentrationA1" */;
			buildPhases = (
				399326D3244CDA4500AC262C /* Sources */,
				399326D4244CDA4500AC262C /* Frameworks */,
				399326D5244CDA4500AC262C /* Resources */,
			);
			buildRules = (
			);
			dependencies = (
			);
			name = ConcentrationA1;
			productName = ConcentrationA1;
			productReference = 399326D7244CDA4500AC262C /* ConcentrationA1.app */;
			productType = "com.apple.product-type.application";
		};
/* End PBXNativeTarget section */

/* Begin PBXProject section */
		399326CF244CDA4500AC262C /* Project object */ = {
			isa = PBXProject;
			attributes = {
				LastSwiftUpdateCheck = 1140;
				LastUpgradeCheck = 1140;
				ORGANIZATIONNAME = "Colin Evans";
				TargetAttributes = {
					399326D6244CDA4500AC262C = {
						CreatedOnToolsVersion = 11.4.1;
					};
				};
			};
			buildConfigurationList = 399326D2244CDA4500AC262C /* Build configuration list for PBXProject "ConcentrationA1" */;
			compatibilityVersion = "Xcode 9.3";
			developmentRegion = en;
			hasScannedForEncodings = 0;
			knownRegions = (
				en,
				Base,
			);
			mainGroup = 399326CE244CDA4500AC262C;
			productRefGroup = 399326D8244CDA4500AC262C /* Products */;
			projectDirPath = "";
			projectRoot = "";
			targets = (
				399326D6244CDA4500AC262C /* ConcentrationA1 */,
			);
		};
/* End PBXProject section */

/* Begin PBXResourcesBuildPhase section */
		399326D5244CDA4500AC262C /* Resources */ = {
			isa = PBXResourcesBuildPhase;
			buildActionMask = 2147483647;
			files = (
				399326E7244CDA4800AC262C /* LaunchScreen.storyboard in Resources */,
				399326E4244CDA4800AC262C /* Assets.xcassets in Resources */,
				399326E2244CDA4500AC262C /* Main.storyboard in Resources */,
			);
			runOnlyForDeploymentPostprocessing = 0;
		};
/* End PBXResourcesBuildPhase section */

/* Begin PBXSourcesBuildPhase section */
		399326D3244CDA4500AC262C /* Sources */ = {
			isa = PBXSourcesBuildPhase;
			buildActionMask = 2147483647;
			files = (
				399326DF244CDA4500AC262C /* ConcentrationViewController.swift in Sources */,
				399326F3244CE03800AC262C /* Concentration.swift in Sources */,
				399326F724547AAE00AC262C /* GameThemes.swift in Sources */,
				399326DB244CDA4500AC262C /* AppDelegate.swift in Sources */,
				399326F52454767800AC262C /* GameColors.swift in Sources */,
				399326DD244CDA4500AC262C /* SceneDelegate.swift in Sources */,
				399326F1244CDE6800AC262C /* Card.swift in Sources */,
			);
			runOnlyForDeploymentPostprocessing = 0;
		};
/* End PBXSourcesBuildPhase section */

/* Begin PBXVariantGroup section */
		399326E0244CDA4500AC262C /* Main.storyboard */ = {
			isa = PBXVariantGroup;
			children = (
				399326E1244CDA4500AC262C /* Base */,
			);
			name = Main.storyboard;
			sourceTree = "<group>";
		};
		399326E5244CDA4800AC262C /* LaunchScreen.storyboard */ = {
			isa = PBXVariantGroup;
			children = (
				399326E6244CDA4800AC262C /* Base */,
			);
			name = LaunchScreen.storyboard;
			sourceTree = "<group>";
		};
/* End PBXVariantGroup section */

/* Begin XCBuildConfiguration section */
		399326E9244CDA4800AC262C /* Debug */ = {
			isa = XCBuildConfiguration;
			buildSettings = {
				ALWAYS_SEARCH_USER_PATHS = NO;
				CLANG_ANALYZER_NONNULL = YES;
				CLANG_ANALYZER_NUMBER_OBJECT_CONVERSION = YES_AGGRESSIVE;
				CLANG_CXX_LANGUAGE_STANDARD = "gnu++14";
				CLANG_CXX_LIBRARY = "libc++";
				CLANG_ENABLE_MODULES = YES;
				CLANG_ENABLE_OBJC_ARC = YES;
				CLANG_ENABLE_OBJC_WEAK = YES;
				CLANG_WARN_BLOCK_CAPTURE_AUTORELEASING = YES;
				CLANG_WARN_BOOL_CONVERSION = YES;
				CLANG_WARN_COMMA = YES;
				CLANG_WARN_CONSTANT_CONVERSION = YES;
				CLANG_WARN_DEPRECATED_OBJC_IMPLEMENTATIONS = YES;
				CLANG_WARN_DIRECT_OBJC_ISA_USAGE = YES_ERROR;
				CLANG_WARN_DOCUMENTATION_COMMENTS = YES;
				CLANG_WARN_EMPTY_BODY = YES;
				CLANG_WARN_ENUM_CONVERSION = YES;
				CLANG_WARN_INFINITE_RECURSION = YES;
				CLANG_WARN_INT_CONVERSION = YES;
				CLANG_WARN_NON_LITERAL_NULL_CONVERSION = YES;
				CLANG_WARN_OBJC_IMPLICIT_RETAIN_SELF = YES;
				CLANG_WARN_OBJC_LITERAL_CONVERSION = YES;
				CLANG_WARN_OBJC_ROOT_CLASS = YES_ERROR;
				CLANG_WARN_RANGE_LOOP_ANALYSIS = YES;
				CLANG_WARN_STRICT_PROTOTYPES = YES;
				CLANG_WARN_SUSPICIOUS_MOVE = YES;
				CLANG_WARN_UNGUARDED_AVAILABILITY = YES_AGGRESSIVE;
				CLANG_WARN_UNREACHABLE_CODE = YES;
				CLANG_WARN__DUPLICATE_METHOD_MATCH = YES;
				COPY_PHASE_STRIP = NO;
				DEBUG_INFORMATION_FORMAT = dwarf;
				ENABLE_STRICT_OBJC_MSGSEND = YES;
				ENABLE_TESTABILITY = YES;
				GCC_C_LANGUAGE_STANDARD = gnu11;
				GCC_DYNAMIC_NO_PIC = NO;
				GCC_NO_COMMON_BLOCKS = YES;
				GCC_OPTIMIZATION_LEVEL = 0;
				GCC_PREPROCESSOR_DEFINITIONS = (
					"DEBUG=1",
					"$(inherited)",
				);
				GCC_WARN_64_TO_32_BIT_CONVERSION = YES;
				GCC_WARN_ABOUT_RETURN_TYPE = YES_ERROR;
				GCC_WARN_UNDECLARED_SELECTOR = YES;
				GCC_WARN_UNINITIALIZED_AUTOS = YES_AGGRESSIVE;
				GCC_WARN_UNUSED_FUNCTION = YES;
				GCC_WARN_UNUSED_VARIABLE = YES;
				IPHONEOS_DEPLOYMENT_TARGET = 13.4;
				MTL_ENABLE_DEBUG_INFO = INCLUDE_SOURCE;
				MTL_FAST_MATH = YES;
				ONLY_ACTIVE_ARCH = YES;
				SDKROOT = iphoneos;
				SWIFT_ACTIVE_COMPILATION_CONDITIONS = DEBUG;
				SWIFT_OPTIMIZATION_LEVEL = "-Onone";
			};
			name = Debug;
		};
		399326EA244CDA4800AC262C /* Release */ = {
			isa = XCBuildConfiguration;
			buildSettings = {
				ALWAYS_SEARCH_USER_PATHS = NO;
				CLANG_ANALYZER_NONNULL = YES;
				CLANG_ANALYZER_NUMBER_OBJECT_CONVERSION = YES_AGGRESSIVE;
				CLANG_CXX_LANGUAGE_STANDARD = "gnu++14";
				CLANG_CXX_LIBRARY = "libc++";
				CLANG_ENABLE_MODULES = YES;
				CLANG_ENABLE_OBJC_ARC = YES;
				CLANG_ENABLE_OBJC_WEAK = YES;
				CLANG_WARN_BLOCK_CAPTURE_AUTORELEASING = YES;
				CLANG_WARN_BOOL_CONVERSION = YES;
				CLANG_WARN_COMMA = YES;
				CLANG_WARN_CONSTANT_CONVERSION = YES;
				CLANG_WARN_DEPRECATED_OBJC_IMPLEMENTATIONS = YES;
				CLANG_WARN_DIRECT_OBJC_ISA_USAGE = YES_ERROR;
				CLANG_WARN_DOCUMENTATION_COMMENTS = YES;
				CLANG_WARN_EMPTY_BODY = YES;
				CLANG_WARN_ENUM_CONVERSION = YES;
				CLANG_WARN_INFINITE_RECURSION = YES;
				CLANG_WARN_INT_CONVERSION = YES;
				CLANG_WARN_NON_LITERAL_NULL_CONVERSION = YES;
				CLANG_WARN_OBJC_IMPLICIT_RETAIN_SELF = YES;
				CLANG_WARN_OBJC_LITERAL_CONVERSION = YES;
				CLANG_WARN_OBJC_ROOT_CLASS = YES_ERROR;
				CLANG_WARN_RANGE_LOOP_ANALYSIS = YES;
				CLANG_WARN_STRICT_PROTOTYPES = YES;
				CLANG_WARN_SUSPICIOUS_MOVE = YES;
				CLANG_WARN_UNGUARDED_AVAILABILITY = YES_AGGRESSIVE;
				CLANG_WARN_UNREACHABLE_CODE = YES;
				CLANG_WARN__DUPLICATE_METHOD_MATCH = YES;
				COPY_PHASE_STRIP = NO;
				DEBUG_INFORMATION_FORMAT = "dwarf-with-dsym";
				ENABLE_NS_ASSERTIONS = NO;
				ENABLE_STRICT_OBJC_MSGSEND = YES;
				GCC_C_LANGUAGE_STANDARD = gnu11;
				GCC_NO_COMMON_BLOCKS = YES;
				GCC_WARN_64_TO_32_BIT_CONVERSION = YES;
				GCC_WARN_ABOUT_RETURN_TYPE = YES_ERROR;
				GCC_WARN_UNDECLARED_SELECTOR = YES;
				GCC_WARN_UNINITIALIZED_AUTOS = YES_AGGRESSIVE;
				GCC_WARN_UNUSED_FUNCTION = YES;
				GCC_WARN_UNUSED_VARIABLE = YES;
				IPHONEOS_DEPLOYMENT_TARGET = 13.4;
				MTL_ENABLE_DEBUG_INFO = NO;
				MTL_FAST_MATH = YES;
				SDKROOT = iphoneos;
				SWIFT_COMPILATION_MODE = wholemodule;
				SWIFT_OPTIMIZATION_LEVEL = "-O";
				VALIDATE_PRODUCT = YES;
			};
			name = Release;
		};
		399326EC244CDA4800AC262C /* Debug */ = {
			isa = XCBuildConfiguration;
			buildSettings = {
				ASSETCATALOG_COMPILER_APPICON_NAME = AppIcon;
				CODE_SIGN_IDENTITY = "iPhone Developer";
				CODE_SIGN_STYLE = Automatic;
				DEVELOPMENT_TEAM = J4WNCMKS3F;
				INFOPLIST_FILE = ConcentrationA1/Info.plist;
				LD_RUNPATH_SEARCH_PATHS = (
					"$(inherited)",
					"@executable_path/Frameworks",
				);
				PRODUCT_BUNDLE_IDENTIFIER = Colin.ConcentrationA1;
				PRODUCT_NAME = "$(TARGET_NAME)";
				PROVISIONING_PROFILE_SPECIFIER = "";
				SWIFT_VERSION = 5.0;
				TARGETED_DEVICE_FAMILY = "1,2";
			};
			name = Debug;
		};
		399326ED244CDA4800AC262C /* Release */ = {
			isa = XCBuildConfiguration;
			buildSettings = {
				ASSETCATALOG_COMPILER_APPICON_NAME = AppIcon;
				CODE_SIGN_IDENTITY = "iPhone Developer";
				CODE_SIGN_STYLE = Automatic;
				DEVELOPMENT_TEAM = J4WNCMKS3F;
				INFOPLIST_FILE = ConcentrationA1/Info.plist;
				LD_RUNPATH_SEARCH_PATHS = (
					"$(inherited)",
					"@executable_path/Frameworks",
				);
				PRODUCT_BUNDLE_IDENTIFIER = Colin.ConcentrationA1;
				PRODUCT_NAME = "$(TARGET_NAME)";
				PROVISIONING_PROFILE_SPECIFIER = "";
				SWIFT_VERSION = 5.0;
				TARGETED_DEVICE_FAMILY = "1,2";
			};
			name = Release;
		};
/* End XCBuildConfiguration section */

/* Begin XCConfigurationList section */
		399326D2244CDA4500AC262C /* Build configuration list for PBXProject "ConcentrationA1" */ = {
			isa = XCConfigurationList;
			buildConfigurations = (
				399326E9244CDA4800AC262C /* Debug */,
				399326EA244CDA4800AC262C /* Release */,
			);
			defaultConfigurationIsVisible = 0;
			defaultConfigurationName = Release;
		};
		399326EB244CDA4800AC262C /* Build configuration list for PBXNativeTarget "ConcentrationA1" */ = {
			isa = XCConfigurationList;
			buildConfigurations = (
				399326EC244CDA4800AC262C /* Debug */,
				399326ED244CDA4800AC262C /* Release */,
			);
			defaultConfigurationIsVisible = 0;
			defaultConfigurationName = Release;
		};
/* End XCConfigurationList section */
	};
	rootObject = 399326CF244CDA4500AC262C /* Project object */;
}
